<?xml version="1.0" encoding="utf-8"?>
<Project ToolsVersion="4.0" xmlns="http://schemas.microsoft.com/developer/msbuild/2003">
  <ItemGroup>
    <Filter Include="Arquivos de Origem">
      <UniqueIdentifier>{4FC737F1-C7A5-4376-A066-2A32D752A2FF}</UniqueIdentifier>
      <Extensions>cpp;c;cc;cxx;def;odl;idl;hpj;bat;asm;asmx</Extensions>
    </Filter>
    <Filter Include="Arquivos de Cabeçalho">
      <UniqueIdentifier>{93995380-89BD-4b04-88EB-625FBE52EBFB}</UniqueIdentifier>
      <Extensions>h;hh;hpp;hxx;hm;inl;inc;xsd</Extensions>
    </Filter>
    <Filter Include="Arquivos de Recurso">
      <UniqueIdentifier>{67DA6AB6-F800-4c08-8B7A-83BB121AAD01}</UniqueIdentifier>
      <Extensions>rc;ico;cur;bmp;dlg;rc2;rct;bin;rgs;gif;jpg;jpeg;jpe;resx;tiff;tif;png;wav;mfcribbon-ms</Extensions>
    </Filter>
    <Filter Include="Arquivos de Origem\ios">
      <UniqueIdentifier>{672a12a3-314a-4393-abfb-f5205d7f6980}</UniqueIdentifier>
    </Filter>
    <Filter Include="Arquivos de Origem\log">
      <UniqueIdentifier>{3b98e559-13a4-4ed5-9a2e-f00ff40e9813}</UniqueIdentifier>
    </Filter>
    <Filter Include="Arquivos de Origem\reader">
      <UniqueIdentifier>{f4ae9096-3990-4be2-8c51-9b1e500e2e68}</UniqueIdentifier>
    </Filter>
    <Filter Include="Arquivos de Origem\settings">
      <UniqueIdentifier>{adf4d559-4a98-453b-86ef-27b55495815a}</UniqueIdentifier>
    </Filter>
    <Filter Include="Arquivos de Origem\handler">
      <UniqueIdentifier>{17a013b7-7818-44fd-8793-73568441fac2}</UniqueIdentifier>
    </Filter>
  </ItemGroup>
  <ItemGroup>
    <ClInclude Include="stdafx.h">
      <Filter>Arquivos de Cabeçalho</Filter>
    </ClInclude>
    <ClInclude Include="targetver.h">
      <Filter>Arquivos de Cabeçalho</Filter>
    </ClInclude>
    <ClInclude Include="Input.h">
      <Filter>Arquivos de Cabeçalho</Filter>
    </ClInclude>
    <ClInclude Include="Logger.h">
      <Filter>Arquivos de Cabeçalho</Filter>
    </ClInclude>
    <ClInclude Include="json.hpp">
      <Filter>Arquivos de Cabeçalho</Filter>
    </ClInclude>
    <ClInclude Include="JsonReader.h">
      <Filter>Arquivos de Cabeçalho</Filter>
    </ClInclude>
    <ClInclude Include="Config.h">
      <Filter>Arquivos de Cabeçalho</Filter>
    </ClInclude>
    <ClInclude Include="stringHandler.h">
      <Filter>Arquivos de Cabeçalho</Filter>
    </ClInclude>
    <ClInclude Include="Speaker.h">
      <Filter>Arquivos de Cabeçalho</Filter>
    </ClInclude>
    <ClInclude Include="CeguetaManager.h">
      <Filter>Arquivos de Cabeçalho</Filter>
    </ClInclude>
    <ClInclude Include="Notification.h">
      <Filter>Arquivos de Cabeçalho</Filter>
    </ClInclude>
  </ItemGroup>
  <ItemGroup>
    <ClCompile Include="stdafx.cpp">
      <Filter>Arquivos de Origem</Filter>
    </ClCompile>
    <ClCompile Include="CeguetaFinal.cpp">
      <Filter>Arquivos de Origem</Filter>
    </ClCompile>
    <ClCompile Include="Input.cpp">
      <Filter>Arquivos de Origem\ios</Filter>
    </ClCompile>
    <ClCompile Include="Logger.cpp">
      <Filter>Arquivos de Origem\log</Filter>
    </ClCompile>
    <ClCompile Include="JsonReader.cpp">
      <Filter>Arquivos de Origem\reader</Filter>
    </ClCompile>
    <ClCompile Include="Config.cpp">
      <Filter>Arquivos de Origem\settings</Filter>
    </ClCompile>
    <ClCompile Include="stringHandler.cpp">
      <Filter>Arquivos de Origem\handler</Filter>
    </ClCompile>
    <ClCompile Include="Speaker.cpp">
      <Filter>Arquivos de Origem\ios</Filter>
    </ClCompile>
    <ClCompile Include="CeguetaManager.cpp">
      <Filter>Arquivos de Origem</Filter>
    </ClCompile>
    <ClCompile Include="Notification.cpp">
      <Filter>Arquivos de Origem</Filter>
    </ClCompile>
  </ItemGroup>
</Project>